github.com/aws/aws-lambda-go v1.47.0 h1:0H8s0vumYx/YKs4sE7YM0ktwL2eWse+kfopsRI1sXVI=
github.com/aws/aws-lambda-go v1.47.0/go.mod h1:dpMpZgvWx5vuQJfBt0zqBha60q7Dd7RfgJv23DymV8A=
github.com/aws/aws-sdk-go-v2 v1.32.5 h1:U8vdWJuY7ruAkzaOdD7guwJjD06YSKmnKCJs7s3IkIo=
github.com/aws/aws-sdk-go-v2 v1.32.5/go.mod h1:P5WJBrYqqbWVaOxgH0X/FYYD47/nooaPOZPlQdmiN2U=
github.com/aws/aws-sdk-go-v2/aws/protocol/eventstream v1.6.7 h1:lL7IfaFzngfx0ZwUGOZdsFFnQ5uLvR0hWqqhyE7Q9M8=
github.com/aws/aws-sdk-go-v2/aws/protocol/eventstream v1.6.7/go.mod h1:QraP0UcVlQJsmHfioCrveWOC1nbiWUl3ej08h4mXWoc=
github.com/aws/aws-sdk-go-v2/config v1.28.5 h1:Za41twdCXbuyyWv9LndXxZZv3QhTG1DinqlFsSuvtI0=
github.com/aws/aws-sdk-go-v2/config v1.28.5/go.mod h1:4VsPbHP8JdcdUDmbTVgNL/8w9SqOkM5jyY8ljIxLO3o=
github.com/aws/aws-sdk-go-v2/credentials v1.17.46 h1:AU7RcriIo2lXjUfHFnFKYsLCwgbz1E7Mm95ieIRDNUg=
github.com/aws/aws-sdk-go-v2/credentials v1.17.46/go.mod h1:1FmYyLGL08KQXQ6mcTlifyFXfJVCNJTVGuQP4m0d/UA=
github.com/aws/aws-sdk-go-v2/feature/ec2/imds v1.16.20 h1:sDSXIrlsFSFJtWKLQS4PUWRvrT580rrnuLydJrCQ/yA=
github.com/aws/aws-sdk-go-v2/feature/ec2/imds v1.16.20/go.mod h1:WZ/c+w0ofps+/OUqMwWgnfrgzZH1DZO1RIkktICsqnY=
github.com/aws/aws-sdk-go-v2/internal/configsources v1.3.24 h1:4usbeaes3yJnCFC7kfeyhkdkPtoRYPa/hTmCqMpKpLI=
github.com/aws/aws-sdk-go-v2/internal/configsources v1.3.24/go.mod h1:5CI1JemjVwde8m2WG3cz23qHKPOxbpkq0HaoreEgLIY=
github.com/aws/aws-sdk-go-v2/internal/endpoints/v2 v2.6.24 h1:N1zsICrQglfzaBnrfM0Ys00860C+QFwu6u/5+LomP+o=
github.com/aws/aws-sdk-go-v2/internal/endpoints/v2 v2.6.24/go.mod h1:dCn9HbJ8+K31i8IQ8EWmWj0EiIk0+vKiHNMxTTYveAg=
github.com/aws/aws-sdk-go-v2/internal/ini v1.8.1 h1:VaRN3TlFdd6KxX1x3ILT5ynH6HvKgqdiXoTxAF4HQcQ=
github.com/aws/aws-sdk-go-v2/internal/ini v1.8.1/go.mod h1:FbtygfRFze9usAadmnGJNc8KsP346kEe+y2/oyhGAGc=
github.com/aws/aws-sdk-go-v2/service/bedrockruntime v1.20.1 h1:tBwIZSi1tM/aNTUH0LKTU6PSUgWbdB3wMaw/9H5fOgA=
github.com/aws/aws-sdk-go-v2/service/bedrockruntime v1.20.1/go.mod h1:VWx+WiXP4qm2uLgm2j+7UCaDp2suiJftEkDOluI2y7c=
github.com/aws/aws-sdk-go-v2/service/internal/accept-encoding v1.12.1 h1:iXtILhvDxB6kPvEXgsDhGaZCSC6LQET5ZHSdJozeI0Y=
github.com/aws/aws-sdk-go-v2/service/internal/accept-encoding v1.12.1/go.mod h1:9nu0fVANtYiAePIBh2/pFUSwtJ402hLnp854CNoDOeE=
github.com/aws/aws-sdk-go-v2/service/internal/presigned-url v1.12.5 h1:wtpJ4zcwrSbwhECWQoI/g6WM9zqCcSpHDJIWSbMLOu4=
github.com/aws/aws-sdk-go-v2/service/internal/presigned-url v1.12.5/go.mod h1:qu/W9HXQbbQ4+1+JcZp0ZNPV31ym537ZJN+fiS7Ti8E=
github.com/aws/aws-sdk-go-v2/service/sso v1.24.6 h1:3zu537oLmsPfDMyjnUS2g+F2vITgy5pB74tHI+JBNoM=
github.com/aws/aws-sdk-go-v2/service/sso v1.24.6/go.mod h1:WJSZH2ZvepM6t6jwu4w/Z45Eoi75lPN7DcydSRtJg6Y=
github.com/aws/aws-sdk-go-v2/service/ssooidc v1.28.5 h1:K0OQAsDywb0ltlFrZm0JHPY3yZp/S9OaoLU33S7vPS8=
github.com/aws/aws-sdk-go-v2/service/ssooidc v1.28.5/go.mod h1:ORITg+fyuMoeiQFiVGoqB3OydVTLkClw/ljbblMq6Cc=
github.com/aws/aws-sdk-go-v2/service/sts v1.33.1 h1:6SZUVRQNvExYlMLbHdlKB48x0fLbc2iVROyaNEwBHbU=
github.com/aws/aws-sdk-go-v2/service/sts v1.33.1/go.mod h1:GqWyYCwLXnlUB1lOAXQyNSPqPLQJvmo8J0DWBzp9mtg=
github.com/aws/smithy-go v1.22.1 h1:/HPHZQ0g7f4eUeK6HKglFz8uwVfZKgoI25rb/J+dnro=
github.com/aws/smithy-go v1.22.1/go.mod h1:irrKGvNn1InZwb2d7fkIRNucdfwR8R+Ts3wxYa/cJHg=
github.com/davecgh/go-spew v1.1.1 h1:vj9j/u1bqnvCEfJOwUhtlOARqs3+rkHYY13jYWTU97c=
github.com/davecgh/go-spew v1.1.1/go.mod h1:J7Y8YcW2NihsgmVo/mv3lAwl/skON4iLHjSsI+c5H38=
github.com/go-test/deep v1.0.4 h1:u2CU3YKy9I2pmu9pX0eq50wCgjfGIt539SqR7FbHiho=
github.com/go-test/deep v1.0.4/go.mod h1:wGDj63lr65AM2AQyKZd/NYHGb0R+1RLqB8NKt3aSFNA=
github.com/google/go-cmp v0.5.7 h1:81/ik6ipDQS2aGcBfIN5dHDB36BwrStyeAQquSYCV4o=
github.com/google/go-cmp v0.5.7/go.mod h1:n+brtR0CgQNWTVd5ZUFpTBC8YFBDLK/h/bpaJ8/DtOE=
github.com/gorilla/websocket v1.4.2 h1:+/TMaTYc4QFitKJxsQ7Yye35DkWvkdLcvGKqM+x0Ufc=
github.com/gorilla/websocket v1.4.2/go.mod h1:YR8l580nyteQvAITg2hZ9XVh4b55+EU/adAjf1fMHhE=
github.com/pmezard/go-difflib v1.0.0 h1:4DBwDE0NGyQoBHbLQYPwSUPoCMWR5BEzIk/f1lZbAQM=
github.com/pmezard/go-difflib v1.0.0/go.mod h1:iKH77koFhYxTK1pcRnkKkqfTogsbg7gZNVY4sRDYZ/4=
github.com/samber/lo v1.47.0 h1:z7RynLwP5nbyRscyvcD043DWYoOcYRv3mV8lBeqOCLc=
github.com/samber/lo v1.47.0/go.mod h1:RmDH9Ct32Qy3gduHQuKJ3gW1fMHAnE/fAzQuf6He5cU=
github.com/slack-go/slack v0.15.0 h1:LE2lj2y9vqqiOf+qIIy0GvEoxgF1N5yLGZffmEZykt0=
github.com/slack-go/slack v0.15.0/go.mod h1:hlGi5oXA+Gt+yWTPP0plCdRKmjsDxecdHxYQdlMQKOw=
github.com/stretchr/testify v1.2.2/go.mod h1:a8OnRcib4nhh0OaRAV+Yts87kKdq0PP7pXfy6kDkUVs=
github.com/stretchr/testify v1.7.2 h1:4jaiDzPyXQvSd7D0EjG45355tLlV3VOECpq10pLC+8s=
github.com/stretchr/testify v1.7.2/go.mod h1:R6va5+xMeoiuVRoj+gSkQ7d3FALtqAAGI1FQKckRals=
golang.org/x/text v0.16.0 h1:a94ExnEXNtEwYLGJSIUxnWoxoRz/ZcCsV63ROupILh4=
golang.org/x/text v0.16.0/go.mod h1:GhwF1Be+LQoKShO3cGOHzqOgRrGaYc9AvblQOmPVHnI=
golang.org/x/xerrors v0.0.0-20191204190536-9bdfabe68543/go.mod h1:I/5z698sn9Ka8TeJc9MKroUUfqBBauWjQqLJ2OPfmY0=
gopkg.in/yaml.v3 v3.0.1 h1:fxVm/GzAzEWqLHuvctI91KS9hhNmmWOoWu0XTYJS7CA=
gopkg.in/yaml.v3 v3.0.1/go.mod h1:K4uyk7z7BCEPqu6E+C64Yfv1cQ7kz7rIZviUmN+EgEM=
